{
    "_readme": [
        "This file locks the dependencies of your project to a known state",
        "Read more about it at https://getcomposer.org/doc/01-basic-usage.md#installing-dependencies",
        "This file is @generated automatically"
    ],
    "content-hash": "d6198629e4e1884af92604d9a91ee5fc",
    "packages": [
        {
            "name": "delight-im/auth",
            "version": "v8.1.0",
            "source": {
                "type": "git",
                "url": "https://github.com/delight-im/PHP-Auth.git",
                "reference": "4cd6360fc7edbbff72c9199b4f4ce3548b659232"
            },
            "dist": {
                "type": "zip",
                "url": "https://api.github.com/repos/delight-im/PHP-Auth/zipball/4cd6360fc7edbbff72c9199b4f4ce3548b659232",
                "reference": "4cd6360fc7edbbff72c9199b4f4ce3548b659232",
                "shasum": ""
            },
            "require": {
                "delight-im/base64": "^1.0",
                "delight-im/cookie": "^3.1",
                "delight-im/db": "^1.3",
                "ext-openssl": "*",
                "php": ">=5.6.0"
            },
            "type": "library",
            "autoload": {
                "psr-4": {
                    "Delight\\Auth\\": "src/"
                }
            },
            "notification-url": "https://packagist.org/downloads/",
            "license": [
                "MIT"
            ],
            "description": "Authentication for PHP. Simple, lightweight and secure.",
            "homepage": "https://github.com/delight-im/PHP-Auth",
            "keywords": [
                "Authentication",
                "auth",
                "login",
                "security"
            ],
            "time": "2018-08-28T21:51:30+00:00"
        },
        {
            "name": "delight-im/base64",
            "version": "v1.0.0",
            "source": {
                "type": "git",
                "url": "https://github.com/delight-im/PHP-Base64.git",
                "reference": "687b2a49f663e162030a8d27b32838bbe7f91c78"
            },
            "dist": {
                "type": "zip",
                "url": "https://api.github.com/repos/delight-im/PHP-Base64/zipball/687b2a49f663e162030a8d27b32838bbe7f91c78",
                "reference": "687b2a49f663e162030a8d27b32838bbe7f91c78",
                "shasum": ""
            },
            "require": {
                "php": ">=5.3.0"
            },
            "type": "library",
            "autoload": {
                "psr-4": {
                    "Delight\\Base64\\": "src/"
                }
            },
            "notification-url": "https://packagist.org/downloads/",
            "license": [
                "MIT"
            ],
            "description": "Simple and convenient Base64 encoding and decoding for PHP",
            "homepage": "https://github.com/delight-im/PHP-Base64",
            "keywords": [
                "URL-safe",
                "base-64",
                "base64",
                "decode",
                "decoding",
                "encode",
                "encoding",
                "url"
            ],
            "time": "2017-07-24T18:59:51+00:00"
        },
        {
            "name": "delight-im/cookie",
            "version": "v3.1.2",
            "source": {
                "type": "git",
                "url": "https://github.com/delight-im/PHP-Cookie.git",
                "reference": "b3ca3233dd1e1e91efb259b9b717a1c941d67ecc"
            },
            "dist": {
                "type": "zip",
                "url": "https://api.github.com/repos/delight-im/PHP-Cookie/zipball/b3ca3233dd1e1e91efb259b9b717a1c941d67ecc",
                "reference": "b3ca3233dd1e1e91efb259b9b717a1c941d67ecc",
                "shasum": ""
            },
            "require": {
                "delight-im/http": "^2.0",
                "php": ">=5.4.0"
            },
            "type": "library",
            "autoload": {
                "psr-4": {
                    "Delight\\Cookie\\": "src/"
                }
            },
            "notification-url": "https://packagist.org/downloads/",
            "license": [
                "MIT"
            ],
            "description": "Modern cookie management for PHP",
            "homepage": "https://github.com/delight-im/PHP-Cookie",
            "keywords": [
                "cookie",
                "cookies",
                "csrf",
                "http",
                "same-site",
                "samesite",
                "xss"
            ],
            "time": "2018-10-11T17:27:45+00:00"
        },
        {
            "name": "delight-im/db",
            "version": "v1.3.0",
            "source": {
                "type": "git",
                "url": "https://github.com/delight-im/PHP-DB.git",
                "reference": "7a03da20b5592fa445c10cd6c7245d51037292c4"
            },
            "dist": {
                "type": "zip",
                "url": "https://api.github.com/repos/delight-im/PHP-DB/zipball/7a03da20b5592fa445c10cd6c7245d51037292c4",
                "reference": "7a03da20b5592fa445c10cd6c7245d51037292c4",
                "shasum": ""
            },
            "require": {
                "ext-pdo": "*",
                "php": ">=5.6.0"
            },
            "type": "library",
            "autoload": {
                "psr-4": {
                    "Delight\\Db\\": "src/"
                }
            },
            "notification-url": "https://packagist.org/downloads/",
            "license": [
                "MIT"
            ],
            "description": "Safe and convenient SQL database access in a driver-agnostic way",
            "homepage": "https://github.com/delight-im/PHP-DB",
            "keywords": [
                "database",
                "mysql",
                "pdo",
                "pgsql",
                "postgresql",
                "sql",
                "sqlite"
            ],
            "time": "2018-08-28T18:23:01+00:00"
        },
        {
            "name": "delight-im/http",
            "version": "v2.0.0",
            "source": {
                "type": "git",
                "url": "https://github.com/delight-im/PHP-HTTP.git",
                "reference": "0a19a72a7eac8b1301aa972fb20cff494ac43e09"
            },
            "dist": {
                "type": "zip",
                "url": "https://api.github.com/repos/delight-im/PHP-HTTP/zipball/0a19a72a7eac8b1301aa972fb20cff494ac43e09",
                "reference": "0a19a72a7eac8b1301aa972fb20cff494ac43e09",
                "shasum": ""
            },
            "require": {
                "php": ">=5.3.0"
            },
            "type": "library",
            "autoload": {
                "psr-4": {
                    "Delight\\Http\\": "src/"
                }
            },
            "notification-url": "https://packagist.org/downloads/",
            "license": [
                "MIT"
            ],
            "description": "Hypertext Transfer Protocol (HTTP) utilities for PHP",
            "homepage": "https://github.com/delight-im/PHP-HTTP",
            "keywords": [
                "headers",
                "http",
                "https"
            ],
            "time": "2016-07-21T15:05:01+00:00"
        },
        {
            "name": "guzzlehttp/psr7",
            "version": "1.4.2",
            "source": {
                "type": "git",
                "url": "https://github.com/guzzle/psr7.git",
                "reference": "f5b8a8512e2b58b0071a7280e39f14f72e05d87c"
            },
            "dist": {
                "type": "zip",
                "url": "https://api.github.com/repos/guzzle/psr7/zipball/f5b8a8512e2b58b0071a7280e39f14f72e05d87c",
                "reference": "f5b8a8512e2b58b0071a7280e39f14f72e05d87c",
                "shasum": ""
            },
            "require": {
                "php": ">=5.4.0",
                "psr/http-message": "~1.0"
            },
            "provide": {
                "psr/http-message-implementation": "1.0"
            },
            "require-dev": {
                "phpunit/phpunit": "~4.0"
            },
            "type": "library",
            "extra": {
                "branch-alias": {
                    "dev-master": "1.4-dev"
                }
            },
            "autoload": {
                "psr-4": {
                    "GuzzleHttp\\Psr7\\": "src/"
                },
                "files": [
                    "src/functions_include.php"
                ]
            },
            "notification-url": "https://packagist.org/downloads/",
            "license": [
                "MIT"
            ],
            "authors": [
                {
                    "name": "Michael Dowling",
                    "email": "mtdowling@gmail.com",
                    "homepage": "https://github.com/mtdowling"
                },
                {
                    "name": "Tobias Schultze",
                    "homepage": "https://github.com/Tobion"
                }
            ],
            "description": "PSR-7 message implementation that also provides common utility methods",
            "keywords": [
                "http",
                "message",
                "request",
                "response",
                "stream",
                "uri",
                "url"
            ],
            "time": "2017-03-20T17:10:46+00:00"
        },
        {
            "name": "intervention/image",
            "version": "2.4.2",
            "source": {
                "type": "git",
                "url": "https://github.com/Intervention/image.git",
                "reference": "e82d274f786e3d4b866a59b173f42e716f0783eb"
            },
            "dist": {
                "type": "zip",
                "url": "https://api.github.com/repos/Intervention/image/zipball/e82d274f786e3d4b866a59b173f42e716f0783eb",
                "reference": "e82d274f786e3d4b866a59b173f42e716f0783eb",
                "shasum": ""
            },
            "require": {
                "ext-fileinfo": "*",
                "guzzlehttp/psr7": "~1.1",
                "php": ">=5.4.0"
            },
            "require-dev": {
                "mockery/mockery": "~0.9.2",
                "phpunit/phpunit": "^4.8 || ^5.7"
            },
            "suggest": {
                "ext-gd": "to use GD library based image processing.",
                "ext-imagick": "to use Imagick based image processing.",
                "intervention/imagecache": "Caching extension for the Intervention Image library"
            },
            "type": "library",
            "extra": {
                "branch-alias": {
                    "dev-master": "2.4-dev"
                },
                "laravel": {
                    "providers": [
                        "Intervention\\Image\\ImageServiceProvider"
                    ],
                    "aliases": {
                        "Image": "Intervention\\Image\\Facades\\Image"
                    }
                }
            },
            "autoload": {
                "psr-4": {
                    "Intervention\\Image\\": "src/Intervention/Image"
                }
            },
            "notification-url": "https://packagist.org/downloads/",
            "license": [
                "MIT"
            ],
            "authors": [
                {
                    "name": "Oliver Vogel",
                    "email": "oliver@olivervogel.com",
                    "homepage": "http://olivervogel.com/"
                }
            ],
            "description": "Image handling and manipulation library with support for Laravel integration",
            "homepage": "http://image.intervention.io/",
            "keywords": [
                "gd",
                "image",
                "imagick",
                "laravel",
                "thumbnail",
                "watermark"
            ],
            "time": "2018-05-29T14:19:03+00:00"
        },
        {
            "name": "jasongrimes/paginator",
            "version": "1.0.3",
            "source": {
                "type": "git",
                "url": "https://github.com/jasongrimes/php-paginator.git",
                "reference": "3411e3cd0c6479a0b514f26e4358f0273552f221"
            },
            "dist": {
                "type": "zip",
                "url": "https://api.github.com/repos/jasongrimes/php-paginator/zipball/3411e3cd0c6479a0b514f26e4358f0273552f221",
                "reference": "3411e3cd0c6479a0b514f26e4358f0273552f221",
                "shasum": ""
            },
            "require": {
                "php": ">=5.3.0"
            },
            "require-dev": {
                "phpunit/phpunit": "~4.2"
            },
            "type": "library",
            "autoload": {
                "psr-0": {
                    "JasonGrimes": "src/"
                }
            },
            "notification-url": "https://packagist.org/downloads/",
            "license": [
                "MIT"
            ],
            "authors": [
                {
                    "name": "Jason Grimes",
                    "email": "jason@grimesit.com"
                }
            ],
            "description": "A lightweight PHP paginator, for generating pagination controls in the style of Stack Overflow and Flickr. The 'first' and 'last' page links are shown inline as page numbers, and excess page numbers are replaced by ellipses.",
            "homepage": "http://github.com/jasongrimes/php-paginator",
            "keywords": [
                "pager",
                "pagination",
                "paginator"
            ],
            "time": "2018-07-11T18:11:49+00:00"
        },
        {
            "name": "owasp/csrf-protector-php",
            "version": "dev-master",
            "source": {
                "type": "git",
                "url": "https://github.com/mebjas/CSRF-Protector-PHP.git",
                "reference": "35162937a66b77425c61b392e9df74171a70777d"
            },
            "dist": {
                "type": "zip",
                "url": "https://api.github.com/repos/mebjas/CSRF-Protector-PHP/zipball/35162937a66b77425c61b392e9df74171a70777d",
                "reference": "35162937a66b77425c61b392e9df74171a70777d",
                "shasum": ""
            },
            "require-dev": {
                "satooshi/php-coveralls": "~1.0"
            },
            "type": "library",
            "autoload": {
                "classmap": [
                    "libs/csrf/"
                ]
            },
            "notification-url": "https://packagist.org/downloads/",
            "license": [
                "Apache-2.0"
            ],
            "description": "CSRF protector php, a standalone php library for csrf mitigation in web applications. Easy to integrate in any php web app.",
            "homepage": "https://github.com/mebjas/CSRF-Protector-PHP",
            "keywords": [
                "csrf",
                "owasp",
                "security"
            ],
            "time": "2018-09-30T21:58:46+00:00"
        },
        {
            "name": "phpmailer/phpmailer",
            "version": "v6.0.6",
            "source": {
                "type": "git",
                "url": "https://github.com/PHPMailer/PHPMailer.git",
                "reference": "8190d73eb5def11a43cfb020b7f36db65330698c"
            },
            "dist": {
                "type": "zip",
                "url": "https://api.github.com/repos/PHPMailer/PHPMailer/zipball/8190d73eb5def11a43cfb020b7f36db65330698c",
                "reference": "8190d73eb5def11a43cfb020b7f36db65330698c",
                "shasum": ""
            },
            "require": {
                "ext-ctype": "*",
                "ext-filter": "*",
                "php": ">=5.5.0"
            },
            "require-dev": {
                "doctrine/annotations": "1.2.*",
                "friendsofphp/php-cs-fixer": "^2.2",
                "phpdocumentor/phpdocumentor": "2.*",
                "phpunit/phpunit": "^4.8 || ^5.7",
                "zendframework/zend-eventmanager": "3.0.*",
                "zendframework/zend-i18n": "2.7.3",
                "zendframework/zend-serializer": "2.7.*"
            },
            "suggest": {
                "ext-mbstring": "Needed to send email in multibyte encoding charset",
                "hayageek/oauth2-yahoo": "Needed for Yahoo XOAUTH2 authentication",
                "league/oauth2-google": "Needed for Google XOAUTH2 authentication",
                "psr/log": "For optional PSR-3 debug logging",
                "stevenmaguire/oauth2-microsoft": "Needed for Microsoft XOAUTH2 authentication",
                "symfony/polyfill-mbstring": "To support UTF-8 if the Mbstring PHP extension is not enabled (^1.2)"
            },
            "type": "library",
            "autoload": {
                "psr-4": {
                    "PHPMailer\\PHPMailer\\": "src/"
                }
            },
            "notification-url": "https://packagist.org/downloads/",
            "license": [
                "LGPL-2.1"
            ],
            "authors": [
                {
                    "name": "Jim Jagielski",
                    "email": "jimjag@gmail.com"
                },
                {
                    "name": "Marcus Bointon",
                    "email": "phpmailer@synchromedia.co.uk"
                },
                {
                    "name": "Andy Prevost",
                    "email": "codeworxtech@users.sourceforge.net"
                },
                {
                    "name": "Brent R. Matzelle"
                }
            ],
            "description": "PHPMailer is a full-featured email creation and transfer class for PHP",
            "time": "2018-11-16T00:41:32+00:00"
        },
        {
            "name": "psr/http-message",
            "version": "1.0.1",
            "source": {
                "type": "git",
                "url": "https://github.com/php-fig/http-message.git",
                "reference": "f6561bf28d520154e4b0ec72be95418abe6d9363"
            },
            "dist": {
                "type": "zip",
                "url": "https://api.github.com/repos/php-fig/http-message/zipball/f6561bf28d520154e4b0ec72be95418abe6d9363",
                "reference": "f6561bf28d520154e4b0ec72be95418abe6d9363",
                "shasum": ""
            },
            "require": {
                "php": ">=5.3.0"
            },
            "type": "library",
            "extra": {
                "branch-alias": {
                    "dev-master": "1.0.x-dev"
                }
            },
            "autoload": {
                "psr-4": {
                    "Psr\\Http\\Message\\": "src/"
                }
            },
            "notification-url": "https://packagist.org/downloads/",
            "license": [
                "MIT"
            ],
            "authors": [
                {
                    "name": "PHP-FIG",
                    "homepage": "http://www.php-fig.org/"
                }
            ],
            "description": "Common interface for HTTP messages",
            "homepage": "https://github.com/php-fig/http-message",
            "keywords": [
                "http",
                "http-message",
                "psr",
                "psr-7",
                "request",
                "response"
            ],
            "time": "2016-08-06T14:39:51+00:00"
        }
    ],
    "packages-dev": [],
    "aliases": [],
    "minimum-stability": "stable",
    "stability-flags": {
        "owasp/csrf-protector-php": 20
    },
    "prefer-stable": false,
    "prefer-lowest": false,
    "platform": [],
    "platform-dev": []
}
